
Microsoft Visual Studio Solution File, Format Version 12.00
# Visual Studio Version 16
VisualStudioVersion = 16.0.30523.141
MinimumVisualStudioVersion = 10.0.40219.1
Project("{9A19103F-16F7-4668-BE54-9A1E7A4F7556}") = "DesignPatterns", "DesignPatterns\DesignPatterns.csproj", "{13DD0CAE-3D92-4080-9989-7469977489DC}"
EndProject
Project("{9A19103F-16F7-4668-BE54-9A1E7A4F7556}") = "DesignPatterns.SOLID.SingleResponsibilityPrinciple", "DesignPatterns.SOLID.SingleResponsibilityPrinciple\DesignPatterns.SOLID.SingleResponsibilityPrinciple.csproj", "{79465219-DEF4-4065-9A7B-390877762A7B}"
EndProject
Project("{9A19103F-16F7-4668-BE54-9A1E7A4F7556}") = "DesignPatterns.SOLID.OpenClosedPrinciple", "DesignPatterns.SOLID.OpenClosedPrinciple\DesignPatterns.SOLID.OpenClosedPrinciple.csproj", "{B8A60120-4245-4498-A565-04CB9839D2D2}"
EndProject
Project("{9A19103F-16F7-4668-BE54-9A1E7A4F7556}") = "DesignPatterns.SOLID.LiskovSubstitutionPrinciple", "DesignPatterns.SOLID.LiskovSubstitutionPrinciple\DesignPatterns.SOLID.LiskovSubstitutionPrinciple.csproj", "{247CE7D2-2DDC-4DDF-944D-BFF2B4D17158}"
EndProject
Project("{9A19103F-16F7-4668-BE54-9A1E7A4F7556}") = "DesignPatterns.SOLID.InterfaceSegregationPrinciple", "DesignPatterns.SOLID.InterfaceSegregationPrinciple\DesignPatterns.SOLID.InterfaceSegregationPrinciple.csproj", "{9FA5F206-AAD3-4A8D-BA4D-CB6FEE180B15}"
EndProject
Project("{2150E333-8FDC-42A3-9474-1A3956D46DE8}") = "SOLID", "SOLID", "{DB5748CE-5FF8-4462-AE32-1CD84540CA23}"
EndProject
Project("{9A19103F-16F7-4668-BE54-9A1E7A4F7556}") = "DesignPatterns.SOLID.DependencyInversionPrinciple", "DesignPatterns.SOLID.DependencyInversionPrinciple\DesignPatterns.SOLID.DependencyInversionPrinciple.csproj", "{0457FBDE-492D-4EEA-A322-64CD02F9ED98}"
EndProject
Project("{9A19103F-16F7-4668-BE54-9A1E7A4F7556}") = "DesignPatterns.Creational.Builder", "DesignPatterns.Builder\DesignPatterns.Creational.Builder.csproj", "{8E59F94D-523D-453D-884B-F28B9CFD7F58}"
EndProject
Project("{2150E333-8FDC-42A3-9474-1A3956D46DE8}") = "Creational", "Creational", "{7D4A4064-0550-4A54-BE32-1AAC30452604}"
EndProject
Project("{9A19103F-16F7-4668-BE54-9A1E7A4F7556}") = "DesignPatterns.Creational.Factories", "DesignPatterns.Creational.Factory\DesignPatterns.Creational.Factories.csproj", "{1EB552C7-41A6-4FFD-BEE8-DD8CC60B32DD}"
EndProject
Project("{2150E333-8FDC-42A3-9474-1A3956D46DE8}") = "Src", "Src", "{6009A236-0B3D-4F5F-91AC-DCFA3D885600}"
EndProject
Global
	GlobalSection(SolutionConfigurationPlatforms) = preSolution
		Debug|Any CPU = Debug|Any CPU
		Release|Any CPU = Release|Any CPU
	EndGlobalSection
	GlobalSection(ProjectConfigurationPlatforms) = postSolution
		{13DD0CAE-3D92-4080-9989-7469977489DC}.Debug|Any CPU.ActiveCfg = Debug|Any CPU
		{13DD0CAE-3D92-4080-9989-7469977489DC}.Debug|Any CPU.Build.0 = Debug|Any CPU
		{13DD0CAE-3D92-4080-9989-7469977489DC}.Release|Any CPU.ActiveCfg = Release|Any CPU
		{13DD0CAE-3D92-4080-9989-7469977489DC}.Release|Any CPU.Build.0 = Release|Any CPU
		{79465219-DEF4-4065-9A7B-390877762A7B}.Debug|Any CPU.ActiveCfg = Debug|Any CPU
		{79465219-DEF4-4065-9A7B-390877762A7B}.Debug|Any CPU.Build.0 = Debug|Any CPU
		{79465219-DEF4-4065-9A7B-390877762A7B}.Release|Any CPU.ActiveCfg = Release|Any CPU
		{79465219-DEF4-4065-9A7B-390877762A7B}.Release|Any CPU.Build.0 = Release|Any CPU
		{B8A60120-4245-4498-A565-04CB9839D2D2}.Debug|Any CPU.ActiveCfg = Debug|Any CPU
		{B8A60120-4245-4498-A565-04CB9839D2D2}.Debug|Any CPU.Build.0 = Debug|Any CPU
		{B8A60120-4245-4498-A565-04CB9839D2D2}.Release|Any CPU.ActiveCfg = Release|Any CPU
		{B8A60120-4245-4498-A565-04CB9839D2D2}.Release|Any CPU.Build.0 = Release|Any CPU
		{247CE7D2-2DDC-4DDF-944D-BFF2B4D17158}.Debug|Any CPU.ActiveCfg = Debug|Any CPU
		{247CE7D2-2DDC-4DDF-944D-BFF2B4D17158}.Debug|Any CPU.Build.0 = Debug|Any CPU
		{247CE7D2-2DDC-4DDF-944D-BFF2B4D17158}.Release|Any CPU.ActiveCfg = Release|Any CPU
		{247CE7D2-2DDC-4DDF-944D-BFF2B4D17158}.Release|Any CPU.Build.0 = Release|Any CPU
		{9FA5F206-AAD3-4A8D-BA4D-CB6FEE180B15}.Debug|Any CPU.ActiveCfg = Debug|Any CPU
		{9FA5F206-AAD3-4A8D-BA4D-CB6FEE180B15}.Debug|Any CPU.Build.0 = Debug|Any CPU
		{9FA5F206-AAD3-4A8D-BA4D-CB6FEE180B15}.Release|Any CPU.ActiveCfg = Release|Any CPU
		{9FA5F206-AAD3-4A8D-BA4D-CB6FEE180B15}.Release|Any CPU.Build.0 = Release|Any CPU
		{0457FBDE-492D-4EEA-A322-64CD02F9ED98}.Debug|Any CPU.ActiveCfg = Debug|Any CPU
		{0457FBDE-492D-4EEA-A322-64CD02F9ED98}.Debug|Any CPU.Build.0 = Debug|Any CPU
		{0457FBDE-492D-4EEA-A322-64CD02F9ED98}.Release|Any CPU.ActiveCfg = Release|Any CPU
		{0457FBDE-492D-4EEA-A322-64CD02F9ED98}.Release|Any CPU.Build.0 = Release|Any CPU
		{8E59F94D-523D-453D-884B-F28B9CFD7F58}.Debug|Any CPU.ActiveCfg = Debug|Any CPU
		{8E59F94D-523D-453D-884B-F28B9CFD7F58}.Debug|Any CPU.Build.0 = Debug|Any CPU
		{8E59F94D-523D-453D-884B-F28B9CFD7F58}.Release|Any CPU.ActiveCfg = Release|Any CPU
		{8E59F94D-523D-453D-884B-F28B9CFD7F58}.Release|Any CPU.Build.0 = Release|Any CPU
		{1EB552C7-41A6-4FFD-BEE8-DD8CC60B32DD}.Debug|Any CPU.ActiveCfg = Debug|Any CPU
		{1EB552C7-41A6-4FFD-BEE8-DD8CC60B32DD}.Debug|Any CPU.Build.0 = Debug|Any CPU
		{1EB552C7-41A6-4FFD-BEE8-DD8CC60B32DD}.Release|Any CPU.ActiveCfg = Release|Any CPU
		{1EB552C7-41A6-4FFD-BEE8-DD8CC60B32DD}.Release|Any CPU.Build.0 = Release|Any CPU
	EndGlobalSection
	GlobalSection(SolutionProperties) = preSolution
		HideSolutionNode = FALSE
	EndGlobalSection
	GlobalSection(NestedProjects) = preSolution
		{13DD0CAE-3D92-4080-9989-7469977489DC} = {6009A236-0B3D-4F5F-91AC-DCFA3D885600}
		{79465219-DEF4-4065-9A7B-390877762A7B} = {DB5748CE-5FF8-4462-AE32-1CD84540CA23}
		{B8A60120-4245-4498-A565-04CB9839D2D2} = {DB5748CE-5FF8-4462-AE32-1CD84540CA23}
		{247CE7D2-2DDC-4DDF-944D-BFF2B4D17158} = {DB5748CE-5FF8-4462-AE32-1CD84540CA23}
		{9FA5F206-AAD3-4A8D-BA4D-CB6FEE180B15} = {DB5748CE-5FF8-4462-AE32-1CD84540CA23}
		{DB5748CE-5FF8-4462-AE32-1CD84540CA23} = {6009A236-0B3D-4F5F-91AC-DCFA3D885600}
		{0457FBDE-492D-4EEA-A322-64CD02F9ED98} = {DB5748CE-5FF8-4462-AE32-1CD84540CA23}
		{8E59F94D-523D-453D-884B-F28B9CFD7F58} = {7D4A4064-0550-4A54-BE32-1AAC30452604}
		{7D4A4064-0550-4A54-BE32-1AAC30452604} = {6009A236-0B3D-4F5F-91AC-DCFA3D885600}
		{1EB552C7-41A6-4FFD-BEE8-DD8CC60B32DD} = {7D4A4064-0550-4A54-BE32-1AAC30452604}
	EndGlobalSection
	GlobalSection(ExtensibilityGlobals) = postSolution
		SolutionGuid = {485C83FF-6BF2-47B6-A4DB-C2C4B6244F37}
	EndGlobalSection
EndGlobal
